
Microsoft Visual Studio Solution File, Format Version 12.00
# Visual Studio Version 17
VisualStudioVersion = 17.11.35222.181
MinimumVisualStudioVersion = 10.0.40219.1
Project("{9A19103F-16F7-4668-BE54-9A1E7A4F7556}") = "CSharpOpdrachten", "CSharpOpdrachten\CSharpOpdrachten.csproj", "{2D98D67D-5FF6-4AD1-9063-B8A5FF933981}"
EndProject
Project("{9A19103F-16F7-4668-BE54-9A1E7A4F7556}") = "ProjectAddOpdracht", "ProjectAddOpdracht\ProjectAddOpdracht.csproj", "{A074BE37-FE2D-4BA8-AC63-82C860B2A3D5}"
EndProject
Global
	GlobalSection(SolutionConfigurationPlatforms) = preSolution
		Debug|Any CPU = Debug|Any CPU
		Release|Any CPU = Release|Any CPU
	EndGlobalSection
	GlobalSection(ProjectConfigurationPlatforms) = postSolution
		{2D98D67D-5FF6-4AD1-9063-B8A5FF933981}.Debug|Any CPU.ActiveCfg = Debug|Any CPU
		{2D98D67D-5FF6-4AD1-9063-B8A5FF933981}.Debug|Any CPU.Build.0 = Debug|Any CPU
		{2D98D67D-5FF6-4AD1-9063-B8A5FF933981}.Release|Any CPU.ActiveCfg = Release|Any CPU
		{2D98D67D-5FF6-4AD1-9063-B8A5FF933981}.Release|Any CPU.Build.0 = Release|Any CPU
		{A074BE37-FE2D-4BA8-AC63-82C860B2A3D5}.Debug|Any CPU.ActiveCfg = Debug|Any CPU
		{A074BE37-FE2D-4BA8-AC63-82C860B2A3D5}.Debug|Any CPU.Build.0 = Debug|Any CPU
		{A074BE37-FE2D-4BA8-AC63-82C860B2A3D5}.Release|Any CPU.ActiveCfg = Release|Any CPU
		{A074BE37-FE2D-4BA8-AC63-82C860B2A3D5}.Release|Any CPU.Build.0 = Release|Any CPU
	EndGlobalSection
	GlobalSection(SolutionProperties) = preSolution
		HideSolutionNode = FALSE
	EndGlobalSection
	GlobalSection(ExtensibilityGlobals) = postSolution
		SolutionGuid = {1E2482F1-580A-4A3F-89D4-89D9014CA01B}
	EndGlobalSection
EndGlobal
